
Microsoft Visual Studio Solution File, Format Version 12.00
# Visual Studio Version 17
VisualStudioVersion = 17.3.32901.215
MinimumVisualStudioVersion = 10.0.40219.1
Project("{FAE04EC0-301F-11D3-BF4B-00C04F79EFBC}") = "ConsoleApp12", "ConsoleApp12\ConsoleApp12.csproj", "{24429003-A84B-47CB-94B3-7C3733E0B386}"
EndProject
Global
	GlobalSection(SolutionConfigurationPlatforms) = preSolution
		Debug|Any CPU = Debug|Any CPU
		Release|Any CPU = Release|Any CPU
	EndGlobalSection
	GlobalSection(ProjectConfigurationPlatforms) = postSolution
		{24429003-A84B-47CB-94B3-7C3733E0B386}.Debug|Any CPU.ActiveCfg = Debug|Any CPU
		{24429003-A84B-47CB-94B3-7C3733E0B386}.Debug|Any CPU.Build.0 = Debug|Any CPU
		{24429003-A84B-47CB-94B3-7C3733E0B386}.Release|Any CPU.ActiveCfg = Release|Any CPU
		{24429003-A84B-47CB-94B3-7C3733E0B386}.Release|Any CPU.Build.0 = Release|Any CPU
	EndGlobalSection
	GlobalSection(SolutionProperties) = preSolution
		HideSolutionNode = FALSE
	EndGlobalSection
	GlobalSection(ExtensibilityGlobals) = postSolution
		SolutionGuid = {0599BEBB-E7FB-412E-BE6B-F5541BA7FC99}
	EndGlobalSection
EndGlobal
